
Microsoft Visual Studio Solution File, Format Version 12.00
# Visual Studio Version 17
VisualStudioVersion = 17.3.32825.248
MinimumVisualStudioVersion = 10.0.40219.1
Project("{FAE04EC0-301F-11D3-BF4B-00C04F79EFBC}") = "firstprac", "firstprac\firstprac.csproj", "{946731B5-41F8-44C9-ABE5-D6090FA937E6}"
EndProject
Global
	GlobalSection(SolutionConfigurationPlatforms) = preSolution
		Debug|Any CPU = Debug|Any CPU
		Release|Any CPU = Release|Any CPU
	EndGlobalSection
	GlobalSection(ProjectConfigurationPlatforms) = postSolution
		{946731B5-41F8-44C9-ABE5-D6090FA937E6}.Debug|Any CPU.ActiveCfg = Debug|Any CPU
		{946731B5-41F8-44C9-ABE5-D6090FA937E6}.Debug|Any CPU.Build.0 = Debug|Any CPU
		{946731B5-41F8-44C9-ABE5-D6090FA937E6}.Release|Any CPU.ActiveCfg = Release|Any CPU
		{946731B5-41F8-44C9-ABE5-D6090FA937E6}.Release|Any CPU.Build.0 = Release|Any CPU
	EndGlobalSection
	GlobalSection(SolutionProperties) = preSolution
		HideSolutionNode = FALSE
	EndGlobalSection
	GlobalSection(ExtensibilityGlobals) = postSolution
		SolutionGuid = {04301C96-30E6-4079-8DEB-441A0C8E5620}
	EndGlobalSection
EndGlobal
